
Microsoft Visual Studio Solution File, Format Version 12.00
# Visual Studio Version 17
VisualStudioVersion = 17.13.35828.75 d17.13
MinimumVisualStudioVersion = 10.0.40219.1
Project("{FAE04EC0-301F-11D3-BF4B-00C04F79EFBC}") = "LibraryManagement", "LibraryManagement.csproj", "{57F12481-1798-4BE1-9F87-C85BCF246DBA}"
EndProject
Global
	GlobalSection(SolutionConfigurationPlatforms) = preSolution
		Debug|Any CPU = Debug|Any CPU
		Release|Any CPU = Release|Any CPU
	EndGlobalSection
	GlobalSection(ProjectConfigurationPlatforms) = postSolution
		{57F12481-1798-4BE1-9F87-C85BCF246DBA}.Debug|Any CPU.ActiveCfg = Debug|Any CPU
		{57F12481-1798-4BE1-9F87-C85BCF246DBA}.Debug|Any CPU.Build.0 = Debug|Any CPU
		{57F12481-1798-4BE1-9F87-C85BCF246DBA}.Release|Any CPU.ActiveCfg = Release|Any CPU
		{57F12481-1798-4BE1-9F87-C85BCF246DBA}.Release|Any CPU.Build.0 = Release|Any CPU
	EndGlobalSection
	GlobalSection(SolutionProperties) = preSolution
		HideSolutionNode = FALSE
	EndGlobalSection
	GlobalSection(ExtensibilityGlobals) = postSolution
		SolutionGuid = {99D422DA-353F-48CC-AFEB-A98110DF4C83}
	EndGlobalSection
EndGlobal
